<Solution>
  <Folder Name="/src/">
    <Project Path="src/First10.Api/First10.Api.csproj" />
    <Project Path="src/First10.AppHost/First10.AppHost.csproj" />
    <Project Path="src/First10.Infrastructure/First10.Infrastructure.csproj" />
    <Project Path="src/First10.Modules/First10.Modules.csproj" />
    <Project Path="src/First10.ServiceDefaults/First10.ServiceDefaults.csproj" />
    <Project Path="src/First10.Worker/First10.Worker.csproj" />
  </Folder>
  <Folder Name="/tests/">
    <Project Path="tests/First10.AiBenchmarks/First10.AiBenchmarks.csproj" />
    <Project Path="tests/First10.ArchitectureTests/First10.ArchitectureTests.csproj" />
    <Project Path="tests/First10.ContractTests/First10.ContractTests.csproj" />
    <Project Path="tests/First10.IntegrationTests/First10.IntegrationTests.csproj" />
    <Project Path="tests/First10.PrivacyBenchmarks/First10.PrivacyBenchmarks.csproj" />
    <Project Path="tests/First10.UnitTests/First10.UnitTests.csproj" />
  </Folder>
  <Folder Name="/tools/">
    <Project Path="tools/First10.GuidanceAssets/First10.GuidanceAssets.csproj" />
  </Folder>
</Solution>
